<?xml version="1.0" encoding="UTF-8"?>
<Scheme LastUpgradeVersion="2700" version="1.7">
 <BuildAction parallelizeBuildables="YES" buildImplicitDependencies="YES">
  <BuildActionEntries>
   <BuildActionEntry buildForTesting="YES" buildForRunning="YES" buildForProfiling="YES" buildForArchiving="YES" buildForAnalyzing="YES">
    <BuildableReference BuildableIdentifier="primary" BlueprintIdentifier="8F311F98304F03BB0017D14F" BuildableName="Compositor.app" BlueprintName="Compositor" ReferencedContainer="container:Compositor.xcodeproj"/>
   </BuildActionEntry>
   <BuildActionEntry buildForTesting="YES" buildForRunning="NO" buildForProfiling="NO" buildForArchiving="NO" buildForAnalyzing="NO">
    <BuildableReference BuildableIdentifier="primary" BlueprintIdentifier="8F311FA5304F03BC0017D14F" BuildableName="CompositorTests.xctest" BlueprintName="CompositorTests" ReferencedContainer="container:Compositor.xcodeproj"/>
   </BuildActionEntry>
  </BuildActionEntries>
 </BuildAction>
 <TestAction buildConfiguration="Codex" selectedDebuggerIdentifier="Xcode.DebuggerFoundation.Debugger.LLDB" selectedLauncherIdentifier="Xcode.IDEFoundation.Launcher.PosixSpawn" shouldUseLaunchSchemeArgsEnv="YES">
  <MacroExpansion><BuildableReference BuildableIdentifier="primary" BlueprintIdentifier="8F311F98304F03BB0017D14F" BuildableName="Compositor.app" BlueprintName="Compositor" ReferencedContainer="container:Compositor.xcodeproj"/></MacroExpansion>
  <Testables><TestableReference skipped="NO" parallelizable="YES"><BuildableReference BuildableIdentifier="primary" BlueprintIdentifier="8F311FA5304F03BC0017D14F" BuildableName="CompositorTests.xctest" BlueprintName="CompositorTests" ReferencedContainer="container:Compositor.xcodeproj"/></TestableReference></Testables>
 </TestAction>
 <LaunchAction buildConfiguration="Codex" selectedDebuggerIdentifier="Xcode.DebuggerFoundation.Debugger.LLDB" selectedLauncherIdentifier="Xcode.DebuggerFoundation.Launcher.LLDB" launchStyle="0" useCustomWorkingDirectory="NO" ignoresPersistentStateOnLaunch="NO" debugDocumentVersioning="YES">
  <BuildableProductRunnable runnableDebuggingMode="0"><BuildableReference BuildableIdentifier="primary" BlueprintIdentifier="8F311F98304F03BB0017D14F" BuildableName="Compositor.app" BlueprintName="Compositor" ReferencedContainer="container:Compositor.xcodeproj"/></BuildableProductRunnable>
 </LaunchAction>
 <ProfileAction buildConfiguration="Codex" shouldUseLaunchSchemeArgsEnv="YES" savedToolIdentifier="" useCustomWorkingDirectory="NO"><BuildableProductRunnable runnableDebuggingMode="0"><BuildableReference BuildableIdentifier="primary" BlueprintIdentifier="8F311F98304F03BB0017D14F" BuildableName="Compositor.app" BlueprintName="Compositor" ReferencedContainer="container:Compositor.xcodeproj"/></BuildableProductRunnable></ProfileAction>
 <AnalyzeAction buildConfiguration="Codex"/>
 <ArchiveAction buildConfiguration="Codex" revealArchiveInOrganizer="YES"/>
</Scheme>
